
Microsoft Visual Studio Solution File, Format Version 12.00
# Visual Studio Version 17
VisualStudioVersion = 17.14.36518.9 d17.14
MinimumVisualStudioVersion = 10.0.40219.1
Project("{FAE04EC0-301F-11D3-BF4B-00C04F79EFBC}") = "Project2", "Project2\Project2.csproj", "{B255A4E2-A1DC-45B9-A226-3ACDF31377AE}"
EndProject
Global
	GlobalSection(SolutionConfigurationPlatforms) = preSolution
		Debug|Any CPU = Debug|Any CPU
		Release|Any CPU = Release|Any CPU
	EndGlobalSection
	GlobalSection(ProjectConfigurationPlatforms) = postSolution
		{B255A4E2-A1DC-45B9-A226-3ACDF31377AE}.Debug|Any CPU.ActiveCfg = Debug|Any CPU
		{B255A4E2-A1DC-45B9-A226-3ACDF31377AE}.Debug|Any CPU.Build.0 = Debug|Any CPU
		{B255A4E2-A1DC-45B9-A226-3ACDF31377AE}.Release|Any CPU.ActiveCfg = Release|Any CPU
		{B255A4E2-A1DC-45B9-A226-3ACDF31377AE}.Release|Any CPU.Build.0 = Release|Any CPU
	EndGlobalSection
	GlobalSection(SolutionProperties) = preSolution
		HideSolutionNode = FALSE
	EndGlobalSection
	GlobalSection(ExtensibilityGlobals) = postSolution
		SolutionGuid = {FD6E1132-7170-4DF7-BB12-C953DC1B5BA8}
	EndGlobalSection
EndGlobal
